
Microsoft Visual Studio Solution File, Format Version 12.00
# Visual Studio 15
VisualStudioVersion = 15.0.28307.136
MinimumVisualStudioVersion = 10.0.40219.1
Project("{FAE04EC0-301F-11D3-BF4B-00C04F79EFBC}") = "Bas.Hue", "Bas.Hue\Bas.Hue.csproj", "{10CFCCA9-01FA-4551-A019-79F15DABB6C3}"
EndProject
Project("{FAE04EC0-301F-11D3-BF4B-00C04F79EFBC}") = "Bas.Hue.Console", "Bas.Hue.Console\Bas.Hue.Console.csproj", "{B6D7DE77-CBC9-4E81-B684-9A37EAE5EFBC}"
EndProject
Global
	GlobalSection(SolutionConfigurationPlatforms) = preSolution
		Debug|Any CPU = Debug|Any CPU
		Release|Any CPU = Release|Any CPU
	EndGlobalSection
	GlobalSection(ProjectConfigurationPlatforms) = postSolution
		{10CFCCA9-01FA-4551-A019-79F15DABB6C3}.Debug|Any CPU.ActiveCfg = Debug|Any CPU
		{10CFCCA9-01FA-4551-A019-79F15DABB6C3}.Debug|Any CPU.Build.0 = Debug|Any CPU
		{10CFCCA9-01FA-4551-A019-79F15DABB6C3}.Release|Any CPU.ActiveCfg = Release|Any CPU
		{10CFCCA9-01FA-4551-A019-79F15DABB6C3}.Release|Any CPU.Build.0 = Release|Any CPU
		{B6D7DE77-CBC9-4E81-B684-9A37EAE5EFBC}.Debug|Any CPU.ActiveCfg = Debug|Any CPU
		{B6D7DE77-CBC9-4E81-B684-9A37EAE5EFBC}.Debug|Any CPU.Build.0 = Debug|Any CPU
		{B6D7DE77-CBC9-4E81-B684-9A37EAE5EFBC}.Release|Any CPU.ActiveCfg = Release|Any CPU
		{B6D7DE77-CBC9-4E81-B684-9A37EAE5EFBC}.Release|Any CPU.Build.0 = Release|Any CPU
	EndGlobalSection
	GlobalSection(SolutionProperties) = preSolution
		HideSolutionNode = FALSE
	EndGlobalSection
	GlobalSection(ExtensibilityGlobals) = postSolution
		SolutionGuid = {FBCC70D5-1FDB-4D63-9023-034B594B405D}
	EndGlobalSection
EndGlobal
